// !$*UTF8*$!
{
	archiveVersion = 1;
	classes = {
	};
	objectVersion = 56;
	objects = {

/* Begin PBXBuildFile section */
		5EF1ACAE2A4E47C6002EA972 /* AppDelegate.swift in Sources */ = {isa = PBXBuildFile; fileRef = 5EF1ACAD2A4E47C6002EA972 /* AppDelegate.swift */; };
		5EF1ACB02A4E47C6002EA972 /* SceneDelegate.swift in Sources */ = {isa = PBXBuildFile; fileRef = 5EF1ACAF2A4E47C6002EA972 /* SceneDelegate.swift */; };
		5EF1ACB22A4E47C6002EA972 /* ViewController.swift in Sources */ = {isa = PBXBuildFile; fileRef = 5EF1ACB12A4E47C6002EA972 /* ViewController.swift */; };
		5EF1ACB52A4E47C6002EA972 /* Main.storyboard in Resources */ = {isa = PBXBuildFile; fileRef = 5EF1ACB32A4E47C6002EA972 /* Main.storyboard */; };
		5EF1ACB72A4E47C9002EA972 /* Assets.xcassets in Resources */ = {isa = PBXBuildFile; fileRef = 5EF1ACB62A4E47C9002EA972 /* Assets.xcassets */; };
		5EF1ACBA2A4E47C9002EA972 /* LaunchScreen.storyboard in Resources */ = {isa = PBXBuildFile; fileRef = 5EF1ACB82A4E47C9002EA972 /* LaunchScreen.storyboard */; };
		5EF1ACC52A4E47C9002EA972 /* MyBankAppTests.swift in Sources */ = {isa = PBXBuildFile; fileRef = 5EF1ACC42A4E47C9002EA972 /* MyBankAppTests.swift */; };
		5EF1ACCF2A4E47C9002EA972 /* MyBankAppUITests.swift in Sources */ = {isa = PBXBuildFile; fileRef = 5EF1ACCE2A4E47C9002EA972 /* MyBankAppUITests.swift */; };
		5EF1ACD12A4E47C9002EA972 /* MyBankAppUITestsLaunchTests.swift in Sources */ = {isa = PBXBuildFile; fileRef = 5EF1ACD02A4E47C9002EA972 /* MyBankAppUITestsLaunchTests.swift */; };
/* End PBXBuildFile section */

/* Begin PBXContainerItemProxy section */
		5EF1ACC12A4E47C9002EA972 /* PBXContainerItemProxy */ = {
			isa = PBXContainerItemProxy;
			containerPortal = 5EF1ACA22A4E47C6002EA972 /* Project object */;
			proxyType = 1;
			remoteGlobalIDString = 5EF1ACA92A4E47C6002EA972;
			remoteInfo = MyBankApp;
		};
		5EF1ACCB2A4E47C9002EA972 /* PBXContainerItemProxy */ = {
			isa = PBXContainerItemProxy;
			containerPortal = 5EF1ACA22A4E47C6002EA972 /* Project object */;
			proxyType = 1;
			remoteGlobalIDString = 5EF1ACA92A4E47C6002EA972;
			remoteInfo = MyBankApp;
		};
/* End PBXContainerItemProxy section */

/* Begin PBXFileReference section */
		5EF1ACAA2A4E47C6002EA972 /* MyBankApp.app */ = {isa = PBXFileReference; explicitFileType = wrapper.application; includeInIndex = 0; path = MyBankApp.app; sourceTree = BUILT_PRODUCTS_DIR; };
		5EF1ACAD2A4E47C6002EA972 /* AppDelegate.swift */ = {isa = PBXFileReference; lastKnownFileType = sourcecode.swift; path = AppDelegate.swift; sourceTree = "<group>"; };
		5EF1ACAF2A4E47C6002EA972 /* SceneDelegate.swift */ = {isa = PBXFileReference; lastKnownFileType = sourcecode.swift; path = SceneDelegate.swift; sourceTree = "<group>"; };
		5EF1ACB12A4E47C6002EA972 /* ViewController.swift */ = {isa = PBXFileReference; lastKnownFileType = sourcecode.swift; path = ViewController.swift; sourceTree = "<group>"; };
		5EF1ACB42A4E47C6002EA972 /* Base */ = {isa = PBXFileReference; lastKnownFileType = file.storyboard; name = Base; path = Base.lproj/Main.storyboard; sourceTree = "<group>"; };
		5EF1ACB62A4E47C9002EA972 /* Assets.xcassets */ = {isa = PBXFileReference; lastKnownFileType = folder.assetcatalog; path = Assets.xcassets; sourceTree = "<group>"; };
		5EF1ACB92A4E47C9002EA972 /* Base */ = {isa = PBXFileReference; lastKnownFileType = file.storyboard; name = Base; path = Base.lproj/LaunchScreen.storyboard; sourceTree = "<group>"; };
		5EF1ACBB2A4E47C9002EA972 /* Info.plist */ = {isa = PBXFileReference; lastKnownFileType = text.plist.xml; path = Info.plist; sourceTree = "<group>"; };
		5EF1ACC02A4E47C9002EA972 /* MyBankAppTests.xctest */ = {isa = PBXFileReference; explicitFileType = wrapper.cfbundle; includeInIndex = 0; path = MyBankAppTests.xctest; sourceTree = BUILT_PRODUCTS_DIR; };
		5EF1ACC42A4E47C9002EA972 /* MyBankAppTests.swift */ = {isa = PBXFileReference; lastKnownFileType = sourcecode.swift; path = MyBankAppTests.swift; sourceTree = "<group>"; };
		5EF1ACCA2A4E47C9002EA972 /* MyBankAppUITests.xctest */ = {isa = PBXFileReference; explicitFileType = wrapper.cfbundle; includeInIndex = 0; path = MyBankAppUITests.xctest; sourceTree = BUILT_PRODUCTS_DIR; };
		5EF1ACCE2A4E47C9002EA972 /* MyBankAppUITests.swift */ = {isa = PBXFileReference; lastKnownFileType = sourcecode.swift; path = MyBankAppUITests.swift; sourceTree = "<group>"; };
		5EF1ACD02A4E47C9002EA972 /* MyBankAppUITestsLaunchTests.swift */ = {isa = PBXFileReference; lastKnownFileType = sourcecode.swift; path = MyBankAppUITestsLaunchTests.swift; sourceTree = "<group>"; };
/* End PBXFileReference section */

/* Begin PBXFrameworksBuildPhase section */
		5EF1ACA72A4E47C6002EA972 /* Frameworks */ = {
			isa = PBXFrameworksBuildPhase;
			buildActionMask = 2147483647;
			files = (
			);
			runOnlyForDeploymentPostprocessing = 0;
		};
		5EF1ACBD2A4E47C9002EA972 /* Frameworks */ = {
			isa = PBXFrameworksBuildPhase;
			buildActionMask = 2147483647;
			files = (
			);
			runOnlyForDeploymentPostprocessing = 0;
		};
		5EF1ACC72A4E47C9002EA972 /* Frameworks */ = {
			isa = PBXFrameworksBuildPhase;
			buildActionMask = 2147483647;
			files = (
			);
			runOnlyForDeploymentPostprocessing = 0;
		};
/* End PBXFrameworksBuildPhase section */

/* Begin PBXGroup section */
		5EF1ACA12A4E47C6002EA972 = {
			isa = PBXGroup;
			children = (
				5EF1ACAC2A4E47C6002EA972 /* MyBankApp */,
				5EF1ACC32A4E47C9002EA972 /* MyBankAppTests */,
				5EF1ACCD2A4E47C9002EA972 /* MyBankAppUITests */,
				5EF1ACAB2A4E47C6002EA972 /* Products */,
			);
			sourceTree = "<group>";
		};
		5EF1ACAB2A4E47C6002EA972 /* Products */ = {
			isa = PBXGroup;
			children = (
				5EF1ACAA2A4E47C6002EA972 /* MyBankApp.app */,
				5EF1ACC02A4E47C9002EA972 /* MyBankAppTests.xctest */,
				5EF1ACCA2A4E47C9002EA972 /* MyBankAppUITests.xctest */,
			);
			name = Products;
			sourceTree = "<group>";
		};
		5EF1ACAC2A4E47C6002EA972 /* MyBankApp */ = {
			isa = PBXGroup;
			children = (
				5EF1ACAD2A4E47C6002EA972 /* AppDelegate.swift */,
				5EF1ACAF2A4E47C6002EA972 /* SceneDelegate.swift */,
				5EF1ACB12A4E47C6002EA972 /* ViewController.swift */,
				5EF1ACB32A4E47C6002EA972 /* Main.storyboard */,
				5EF1ACB62A4E47C9002EA972 /* Assets.xcassets */,
				5EF1ACB82A4E47C9002EA972 /* LaunchScreen.storyboard */,
				5EF1ACBB2A4E47C9002EA972 /* Info.plist */,
			);
			path = MyBankApp;
			sourceTree = "<group>";
		};
		5EF1ACC32A4E47C9002EA972 /* MyBankAppTests */ = {
			isa = PBXGroup;
			children = (
				5EF1ACC42A4E47C9002EA972 /* MyBankAppTests.swift */,
			);
			path = MyBankAppTests;
			sourceTree = "<group>";
		};
		5EF1ACCD2A4E47C9002EA972 /* MyBankAppUITests */ = {
			isa = PBXGroup;
			children = (
				5EF1ACCE2A4E47C9002EA972 /* MyBankAppUITests.swift */,
				5EF1ACD02A4E47C9002EA972 /* MyBankAppUITestsLaunchTests.swift */,
			);
			path = MyBankAppUITests;
			sourceTree = "<group>";
		};
/* End PBXGroup section */

/* Begin PBXNativeTarget section */
		5EF1ACA92A4E47C6002EA972 /* MyBankApp */ = {
			isa = PBXNativeTarget;
			buildConfigurationList = 5EF1ACD42A4E47C9002EA972 /* Build configuration list for PBXNativeTarget "MyBankApp" */;
			buildPhases = (
				5EF1ACA62A4E47C6002EA972 /* Sources */,
				5EF1ACA72A4E47C6002EA972 /* Frameworks */,
				5EF1ACA82A4E47C6002EA972 /* Resources */,
			);
			buildRules = (
			);
			dependencies = (
			);
			name = MyBankApp;
			productName = MyBankApp;
			productReference = 5EF1ACAA2A4E47C6002EA972 /* MyBankApp.app */;
			productType = "com.apple.product-type.application";
		};
		5EF1ACBF2A4E47C9002EA972 /* MyBankAppTests */ = {
			isa = PBXNativeTarget;
			buildConfigurationList = 5EF1ACD72A4E47C9002EA972 /* Build configuration list for PBXNativeTarget "MyBankAppTests" */;
			buildPhases = (
				5EF1ACBC2A4E47C9002EA972 /* Sources */,
				5EF1ACBD2A4E47C9002EA972 /* Frameworks */,
				5EF1ACBE2A4E47C9002EA972 /* Resources */,
			);
			buildRules = (
			);
			dependencies = (
				5EF1ACC22A4E47C9002EA972 /* PBXTargetDependency */,
			);
			name = MyBankAppTests;
			productName = MyBankAppTests;
			productReference = 5EF1ACC02A4E47C9002EA972 /* MyBankAppTests.xctest */;
			productType = "com.apple.product-type.bundle.unit-test";
		};
		5EF1ACC92A4E47C9002EA972 /* MyBankAppUITests */ = {
			isa = PBXNativeTarget;
			buildConfigurationList = 5EF1ACDA2A4E47C9002EA972 /* Build configuration list for PBXNativeTarget "MyBankAppUITests" */;
			buildPhases = (
				5EF1ACC62A4E47C9002EA972 /* Sources */,
				5EF1ACC72A4E47C9002EA972 /* Frameworks */,
				5EF1ACC82A4E47C9002EA972 /* Resources */,
			);
			buildRules = (
			);
			dependencies = (
				5EF1ACCC2A4E47C9002EA972 /* PBXTargetDependency */,
			);
			name = MyBankAppUITests;
			productName = MyBankAppUITests;
			productReference = 5EF1ACCA2A4E47C9002EA972 /* MyBankAppUITests.xctest */;
			productType = "com.apple.product-type.bundle.ui-testing";
		};
/* End PBXNativeTarget section */

/* Begin PBXProject section */
		5EF1ACA22A4E47C6002EA972 /* Project object */ = {
			isa = PBXProject;
			attributes = {
				BuildIndependentTargetsInParallel = 1;
				LastSwiftUpdateCheck = 1430;
				LastUpgradeCheck = 1430;
				TargetAttributes = {
					5EF1ACA92A4E47C6002EA972 = {
						CreatedOnToolsVersion = 14.3.1;
					};
					5EF1ACBF2A4E47C9002EA972 = {
						CreatedOnToolsVersion = 14.3.1;
						TestTargetID = 5EF1ACA92A4E47C6002EA972;
					};
					5EF1ACC92A4E47C9002EA972 = {
						CreatedOnToolsVersion = 14.3.1;
						TestTargetID = 5EF1ACA92A4E47C6002EA972;
					};
				};
			};
			buildConfigurationList = 5EF1ACA52A4E47C6002EA972 /* Build configuration list for PBXProject "MyBankApp" */;
			compatibilityVersion = "Xcode 14.0";
			developmentRegion = en;
			hasScannedForEncodings = 0;
			knownRegions = (
				en,
				Base,
			);
			mainGroup = 5EF1ACA12A4E47C6002EA972;
			productRefGroup = 5EF1ACAB2A4E47C6002EA972 /* Products */;
			projectDirPath = "";
			projectRoot = "";
			targets = (
				5EF1ACA92A4E47C6002EA972 /* MyBankApp */,
				5EF1ACBF2A4E47C9002EA972 /* MyBankAppTests */,
				5EF1ACC92A4E47C9002EA972 /* MyBankAppUITests */,
			);
		};
/* End PBXProject section */

/* Begin PBXResourcesBuildPhase section */
		5EF1ACA82A4E47C6002EA972 /* Resources */ = {
			isa = PBXResourcesBuildPhase;
			buildActionMask = 2147483647;
			files = (
				5EF1ACBA2A4E47C9002EA972 /* LaunchScreen.storyboard in Resources */,
				5EF1ACB72A4E47C9002EA972 /* Assets.xcassets in Resources */,
				5EF1ACB52A4E47C6002EA972 /* Main.storyboard in Resources */,
			);
			runOnlyForDeploymentPostprocessing = 0;
		};
		5EF1ACBE2A4E47C9002EA972 /* Resources */ = {
			isa = PBXResourcesBuildPhase;
			buildActionMask = 2147483647;
			files = (
			);
			runOnlyForDeploymentPostprocessing = 0;
		};
		5EF1ACC82A4E47C9002EA972 /* Resources */ = {
			isa = PBXResourcesBuildPhase;
			buildActionMask = 2147483647;
			files = (
			);
			runOnlyForDeploymentPostprocessing = 0;
		};
/* End PBXResourcesBuildPhase section */

/* Begin PBXSourcesBuildPhase section */
		5EF1ACA62A4E47C6002EA972 /* Sources */ = {
			isa = PBXSourcesBuildPhase;
			buildActionMask = 2147483647;
			files = (
				5EF1ACB22A4E47C6002EA972 /* ViewController.swift in Sources */,
				5EF1ACAE2A4E47C6002EA972 /* AppDelegate.swift in Sources */,
				5EF1ACB02A4E47C6002EA972 /* SceneDelegate.swift in Sources */,
			);
			runOnlyForDeploymentPostprocessing = 0;
		};
		5EF1ACBC2A4E47C9002EA972 /* Sources */ = {
			isa = PBXSourcesBuildPhase;
			buildActionMask = 2147483647;
			files = (
				5EF1ACC52A4E47C9002EA972 /* MyBankAppTests.swift in Sources */,
			);
			runOnlyForDeploymentPostprocessing = 0;
		};
		5EF1ACC62A4E47C9002EA972 /* Sources */ = {
			isa = PBXSourcesBuildPhase;
			buildActionMask = 2147483647;
			files = (
				5EF1ACD12A4E47C9002EA972 /* MyBankAppUITestsLaunchTests.swift in Sources */,
				5EF1ACCF2A4E47C9002EA972 /* MyBankAppUITests.swift in Sources */,
			);
			runOnlyForDeploymentPostprocessing = 0;
		};
/* End PBXSourcesBuildPhase section */

/* Begin PBXTargetDependency section */
		5EF1ACC22A4E47C9002EA972 /* PBXTargetDependency */ = {
			isa = PBXTargetDependency;
			target = 5EF1ACA92A4E47C6002EA972 /* MyBankApp */;
			targetProxy = 5EF1ACC12A4E47C9002EA972 /* PBXContainerItemProxy */;
		};
		5EF1ACCC2A4E47C9002EA972 /* PBXTargetDependency */ = {
			isa = PBXTargetDependency;
			target = 5EF1ACA92A4E47C6002EA972 /* MyBankApp */;
			targetProxy = 5EF1ACCB2A4E47C9002EA972 /* PBXContainerItemProxy */;
		};
/* End PBXTargetDependency section */

/* Begin PBXVariantGroup section */
		5EF1ACB32A4E47C6002EA972 /* Main.storyboard */ = {
			isa = PBXVariantGroup;
			children = (
				5EF1ACB42A4E47C6002EA972 /* Base */,
			);
			name = Main.storyboard;
			sourceTree = "<group>";
		};
		5EF1ACB82A4E47C9002EA972 /* LaunchScreen.storyboard */ = {
			isa = PBXVariantGroup;
			children = (
				5EF1ACB92A4E47C9002EA972 /* Base */,
			);
			name = LaunchScreen.storyboard;
			sourceTree = "<group>";
		};
/* End PBXVariantGroup section */

/* Begin XCBuildConfiguration section */
		5EF1ACD22A4E47C9002EA972 /* Debug */ = {
			isa = XCBuildConfiguration;
			buildSettings = {
				ALWAYS_SEARCH_USER_PATHS = NO;
				CLANG_ANALYZER_NONNULL = YES;
				CLANG_ANALYZER_NUMBER_OBJECT_CONVERSION = YES_AGGRESSIVE;
				CLANG_CXX_LANGUAGE_STANDARD = "gnu++20";
				CLANG_ENABLE_MODULES = YES;
				CLANG_ENABLE_OBJC_ARC = YES;
				CLANG_ENABLE_OBJC_WEAK = YES;
				CLANG_WARN_BLOCK_CAPTURE_AUTORELEASING = YES;
				CLANG_WARN_BOOL_CONVERSION = YES;
				CLANG_WARN_COMMA = YES;
				CLANG_WARN_CONSTANT_CONVERSION = YES;
				CLANG_WARN_DEPRECATED_OBJC_IMPLEMENTATIONS = YES;
				CLANG_WARN_DIRECT_OBJC_ISA_USAGE = YES_ERROR;
				CLANG_WARN_DOCUMENTATION_COMMENTS = YES;
				CLANG_WARN_EMPTY_BODY = YES;
				CLANG_WARN_ENUM_CONVERSION = YES;
				CLANG_WARN_INFINITE_RECURSION = YES;
				CLANG_WARN_INT_CONVERSION = YES;
				CLANG_WARN_NON_LITERAL_NULL_CONVERSION = YES;
				CLANG_WARN_OBJC_IMPLICIT_RETAIN_SELF = YES;
				CLANG_WARN_OBJC_LITERAL_CONVERSION = YES;
				CLANG_WARN_OBJC_ROOT_CLASS = YES_ERROR;
				CLANG_WARN_QUOTED_INCLUDE_IN_FRAMEWORK_HEADER = YES;
				CLANG_WARN_RANGE_LOOP_ANALYSIS = YES;
				CLANG_WARN_STRICT_PROTOTYPES = YES;
				CLANG_WARN_SUSPICIOUS_MOVE = YES;
				CLANG_WARN_UNGUARDED_AVAILABILITY = YES_AGGRESSIVE;
				CLANG_WARN_UNREACHABLE_CODE = YES;
				CLANG_WARN__DUPLICATE_METHOD_MATCH = YES;
				COPY_PHASE_STRIP = NO;
				DEBUG_INFORMATION_FORMAT = dwarf;
				ENABLE_STRICT_OBJC_MSGSEND = YES;
				ENABLE_TESTABILITY = YES;
				GCC_C_LANGUAGE_STANDARD = gnu11;
				GCC_DYNAMIC_NO_PIC = NO;
				GCC_NO_COMMON_BLOCKS = YES;
				GCC_OPTIMIZATION_LEVEL = 0;
				GCC_PREPROCESSOR_DEFINITIONS = (
					"DEBUG=1",
					"$(inherited)",
				);
				GCC_WARN_64_TO_32_BIT_CONVERSION = YES;
				GCC_WARN_ABOUT_RETURN_TYPE = YES_ERROR;
				GCC_WARN_UNDECLARED_SELECTOR = YES;
				GCC_WARN_UNINITIALIZED_AUTOS = YES_AGGRESSIVE;
				GCC_WARN_UNUSED_FUNCTION = YES;
				GCC_WARN_UNUSED_VARIABLE = YES;
				IPHONEOS_DEPLOYMENT_TARGET = 16.4;
				MTL_ENABLE_DEBUG_INFO = INCLUDE_SOURCE;
				MTL_FAST_MATH = YES;
				ONLY_ACTIVE_ARCH = YES;
				SDKROOT = iphoneos;
				SWIFT_ACTIVE_COMPILATION_CONDITIONS = DEBUG;
				SWIFT_OPTIMIZATION_LEVEL = "-Onone";
			};
			name = Debug;
		};
		5EF1ACD32A4E47C9002EA972 /* Release */ = {
			isa = XCBuildConfiguration;
			buildSettings = {
				ALWAYS_SEARCH_USER_PATHS = NO;
				CLANG_ANALYZER_NONNULL = YES;
				CLANG_ANALYZER_NUMBER_OBJECT_CONVERSION = YES_AGGRESSIVE;
				CLANG_CXX_LANGUAGE_STANDARD = "gnu++20";
				CLANG_ENABLE_MODULES = YES;
				CLANG_ENABLE_OBJC_ARC = YES;
				CLANG_ENABLE_OBJC_WEAK = YES;
				CLANG_WARN_BLOCK_CAPTURE_AUTORELEASING = YES;
				CLANG_WARN_BOOL_CONVERSION = YES;
				CLANG_WARN_COMMA = YES;
				CLANG_WARN_CONSTANT_CONVERSION = YES;
				CLANG_WARN_DEPRECATED_OBJC_IMPLEMENTATIONS = YES;
				CLANG_WARN_DIRECT_OBJC_ISA_USAGE = YES_ERROR;
				CLANG_WARN_DOCUMENTATION_COMMENTS = YES;
				CLANG_WARN_EMPTY_BODY = YES;
				CLANG_WARN_ENUM_CONVERSION = YES;
				CLANG_WARN_INFINITE_RECURSION = YES;
				CLANG_WARN_INT_CONVERSION = YES;
				CLANG_WARN_NON_LITERAL_NULL_CONVERSION = YES;
				CLANG_WARN_OBJC_IMPLICIT_RETAIN_SELF = YES;
				CLANG_WARN_OBJC_LITERAL_CONVERSION = YES;
				CLANG_WARN_OBJC_ROOT_CLASS = YES_ERROR;
				CLANG_WARN_QUOTED_INCLUDE_IN_FRAMEWORK_HEADER = YES;
				CLANG_WARN_RANGE_LOOP_ANALYSIS = YES;
				CLANG_WARN_STRICT_PROTOTYPES = YES;
				CLANG_WARN_SUSPICIOUS_MOVE = YES;
				CLANG_WARN_UNGUARDED_AVAILABILITY = YES_AGGRESSIVE;
				CLANG_WARN_UNREACHABLE_CODE = YES;
				CLANG_WARN__DUPLICATE_METHOD_MATCH = YES;
				COPY_PHASE_STRIP = NO;
				DEBUG_INFORMATION_FORMAT = "dwarf-with-dsym";
				ENABLE_NS_ASSERTIONS = NO;
				ENABLE_STRICT_OBJC_MSGSEND = YES;
				GCC_C_LANGUAGE_STANDARD = gnu11;
				GCC_NO_COMMON_BLOCKS = YES;
				GCC_WARN_64_TO_32_BIT_CONVERSION = YES;
				GCC_WARN_ABOUT_RETURN_TYPE = YES_ERROR;
				GCC_WARN_UNDECLARED_SELECTOR = YES;
				GCC_WARN_UNINITIALIZED_AUTOS = YES_AGGRESSIVE;
				GCC_WARN_UNUSED_FUNCTION = YES;
				GCC_WARN_UNUSED_VARIABLE = YES;
				IPHONEOS_DEPLOYMENT_TARGET = 16.4;
				MTL_ENABLE_DEBUG_INFO = NO;
				MTL_FAST_MATH = YES;
				SDKROOT = iphoneos;
				SWIFT_COMPILATION_MODE = wholemodule;
				SWIFT_OPTIMIZATION_LEVEL = "-O";
				VALIDATE_PRODUCT = YES;
			};
			name = Release;
		};
		5EF1ACD52A4E47C9002EA972 /* Debug */ = {
			isa = XCBuildConfiguration;
			buildSettings = {
				ASSETCATALOG_COMPILER_APPICON_NAME = AppIcon;
				ASSETCATALOG_COMPILER_GLOBAL_ACCENT_COLOR_NAME = AccentColor;
				CODE_SIGN_STYLE = Automatic;
				CURRENT_PROJECT_VERSION = 1;
				DEVELOPMENT_TEAM = D67XBEEN3L;
				GENERATE_INFOPLIST_FILE = YES;
				INFOPLIST_FILE = MyBankApp/Info.plist;
				INFOPLIST_KEY_UIApplicationSupportsIndirectInputEvents = YES;
				INFOPLIST_KEY_UILaunchStoryboardName = LaunchScreen;
				INFOPLIST_KEY_UIMainStoryboardFile = Main;
				INFOPLIST_KEY_UISupportedInterfaceOrientations_iPad = "UIInterfaceOrientationPortrait UIInterfaceOrientationPortraitUpsideDown UIInterfaceOrientationLandscapeLeft UIInterfaceOrientationLandscapeRight";
				INFOPLIST_KEY_UISupportedInterfaceOrientations_iPhone = "UIInterfaceOrientationPortrait UIInterfaceOrientationLandscapeLeft UIInterfaceOrientationLandscapeRight";
				LD_RUNPATH_SEARCH_PATHS = (
					"$(inherited)",
					"@executable_path/Frameworks",
				);
				MARKETING_VERSION = 1.0;
				PRODUCT_BUNDLE_IDENTIFIER = fusco.MyBankApp;
				PRODUCT_NAME = "$(TARGET_NAME)";
				SWIFT_EMIT_LOC_STRINGS = YES;
				SWIFT_VERSION = 5.0;
				TARGETED_DEVICE_FAMILY = "1,2";
			};
			name = Debug;
		};
		5EF1ACD62A4E47C9002EA972 /* Release */ = {
			isa = XCBuildConfiguration;
			buildSettings = {
				ASSETCATALOG_COMPILER_APPICON_NAME = AppIcon;
				ASSETCATALOG_COMPILER_GLOBAL_ACCENT_COLOR_NAME = AccentColor;
				CODE_SIGN_STYLE = Automatic;
				CURRENT_PROJECT_VERSION = 1;
				DEVELOPMENT_TEAM = D67XBEEN3L;
				GENERATE_INFOPLIST_FILE = YES;
				INFOPLIST_FILE = MyBankApp/Info.plist;
				INFOPLIST_KEY_UIApplicationSupportsIndirectInputEvents = YES;
				INFOPLIST_KEY_UILaunchStoryboardName = LaunchScreen;
				INFOPLIST_KEY_UIMainStoryboardFile = Main;
				INFOPLIST_KEY_UISupportedInterfaceOrientations_iPad = "UIInterfaceOrientationPortrait UIInterfaceOrientationPortraitUpsideDown UIInterfaceOrientationLandscapeLeft UIInterfaceOrientationLandscapeRight";
				INFOPLIST_KEY_UISupportedInterfaceOrientations_iPhone = "UIInterfaceOrientationPortrait UIInterfaceOrientationLandscapeLeft UIInterfaceOrientationLandscapeRight";
				LD_RUNPATH_SEARCH_PATHS = (
					"$(inherited)",
					"@executable_path/Frameworks",
				);
				MARKETING_VERSION = 1.0;
				PRODUCT_BUNDLE_IDENTIFIER = fusco.MyBankApp;
				PRODUCT_NAME = "$(TARGET_NAME)";
				SWIFT_EMIT_LOC_STRINGS = YES;
				SWIFT_VERSION = 5.0;
				TARGETED_DEVICE_FAMILY = "1,2";
			};
			name = Release;
		};
		5EF1ACD82A4E47C9002EA972 /* Debug */ = {
			isa = XCBuildConfiguration;
			buildSettings = {
				ALWAYS_EMBED_SWIFT_STANDARD_LIBRARIES = YES;
				BUNDLE_LOADER = "$(TEST_HOST)";
				CODE_SIGN_STYLE = Automatic;
				CURRENT_PROJECT_VERSION = 1;
				DEVELOPMENT_TEAM = D67XBEEN3L;
				GENERATE_INFOPLIST_FILE = YES;
				IPHONEOS_DEPLOYMENT_TARGET = 16.4;
				MARKETING_VERSION = 1.0;
				PRODUCT_BUNDLE_IDENTIFIER = fusco.MyBankAppTests;
				PRODUCT_NAME = "$(TARGET_NAME)";
				SWIFT_EMIT_LOC_STRINGS = NO;
				SWIFT_VERSION = 5.0;
				TARGETED_DEVICE_FAMILY = "1,2";
				TEST_HOST = "$(BUILT_PRODUCTS_DIR)/MyBankApp.app/$(BUNDLE_EXECUTABLE_FOLDER_PATH)/MyBankApp";
			};
			name = Debug;
		};
		5EF1ACD92A4E47C9002EA972 /* Release */ = {
			isa = XCBuildConfiguration;
			buildSettings = {
				ALWAYS_EMBED_SWIFT_STANDARD_LIBRARIES = YES;
				BUNDLE_LOADER = "$(TEST_HOST)";
				CODE_SIGN_STYLE = Automatic;
				CURRENT_PROJECT_VERSION = 1;
				DEVELOPMENT_TEAM = D67XBEEN3L;
				GENERATE_INFOPLIST_FILE = YES;
				IPHONEOS_DEPLOYMENT_TARGET = 16.4;
				MARKETING_VERSION = 1.0;
				PRODUCT_BUNDLE_IDENTIFIER = fusco.MyBankAppTests;
				PRODUCT_NAME = "$(TARGET_NAME)";
				SWIFT_EMIT_LOC_STRINGS = NO;
				SWIFT_VERSION = 5.0;
				TARGETED_DEVICE_FAMILY = "1,2";
				TEST_HOST = "$(BUILT_PRODUCTS_DIR)/MyBankApp.app/$(BUNDLE_EXECUTABLE_FOLDER_PATH)/MyBankApp";
			};
			name = Release;
		};
		5EF1ACDB2A4E47C9002EA972 /* Debug */ = {
			isa = XCBuildConfiguration;
			buildSettings = {
				ALWAYS_EMBED_SWIFT_STANDARD_LIBRARIES = YES;
				CODE_SIGN_STYLE = Automatic;
				CURRENT_PROJECT_VERSION = 1;
				DEVELOPMENT_TEAM = D67XBEEN3L;
				GENERATE_INFOPLIST_FILE = YES;
				MARKETING_VERSION = 1.0;
				PRODUCT_BUNDLE_IDENTIFIER = fusco.MyBankAppUITests;
				PRODUCT_NAME = "$(TARGET_NAME)";
				SWIFT_EMIT_LOC_STRINGS = NO;
				SWIFT_VERSION = 5.0;
				TARGETED_DEVICE_FAMILY = "1,2";
				TEST_TARGET_NAME = MyBankApp;
			};
			name = Debug;
		};
		5EF1ACDC2A4E47C9002EA972 /* Release */ = {
			isa = XCBuildConfiguration;
			buildSettings = {
				ALWAYS_EMBED_SWIFT_STANDARD_LIBRARIES = YES;
				CODE_SIGN_STYLE = Automatic;
				CURRENT_PROJECT_VERSION = 1;
				DEVELOPMENT_TEAM = D67XBEEN3L;
				GENERATE_INFOPLIST_FILE = YES;
				MARKETING_VERSION = 1.0;
				PRODUCT_BUNDLE_IDENTIFIER = fusco.MyBankAppUITests;
				PRODUCT_NAME = "$(TARGET_NAME)";
				SWIFT_EMIT_LOC_STRINGS = NO;
				SWIFT_VERSION = 5.0;
				TARGETED_DEVICE_FAMILY = "1,2";
				TEST_TARGET_NAME = MyBankApp;
			};
			name = Release;
		};
/* End XCBuildConfiguration section */

/* Begin XCConfigurationList section */
		5EF1ACA52A4E47C6002EA972 /* Build configuration list for PBXProject "MyBankApp" */ = {
			isa = XCConfigurationList;
			buildConfigurations = (
				5EF1ACD22A4E47C9002EA972 /* Debug */,
				5EF1ACD32A4E47C9002EA972 /* Release */,
			);
			defaultConfigurationIsVisible = 0;
			defaultConfigurationName = Release;
		};
		5EF1ACD42A4E47C9002EA972 /* Build configuration list for PBXNativeTarget "MyBankApp" */ = {
			isa = XCConfigurationList;
			buildConfigurations = (
				5EF1ACD52A4E47C9002EA972 /* Debug */,
				5EF1ACD62A4E47C9002EA972 /* Release */,
			);
			defaultConfigurationIsVisible = 0;
			defaultConfigurationName = Release;
		};
		5EF1ACD72A4E47C9002EA972 /* Build configuration list for PBXNativeTarget "MyBankAppTests" */ = {
			isa = XCConfigurationList;
			buildConfigurations = (
				5EF1ACD82A4E47C9002EA972 /* Debug */,
				5EF1ACD92A4E47C9002EA972 /* Release */,
			);
			defaultConfigurationIsVisible = 0;
			defaultConfigurationName = Release;
		};
		5EF1ACDA2A4E47C9002EA972 /* Build configuration list for PBXNativeTarget "MyBankAppUITests" */ = {
			isa = XCConfigurationList;
			buildConfigurations = (
				5EF1ACDB2A4E47C9002EA972 /* Debug */,
				5EF1ACDC2A4E47C9002EA972 /* Release */,
			);
			defaultConfigurationIsVisible = 0;
			defaultConfigurationName = Release;
		};
/* End XCConfigurationList section */
	};
	rootObject = 5EF1ACA22A4E47C6002EA972 /* Project object */;
}
