// !$*UTF8*$!
{
	archiveVersion = 1;
	classes = {
	};
	objectVersion = 50;
	objects = {

/* Begin PBXBuildFile section */
		18C305DB89594B4F761AA6EB /* Pods_Bank_App.framework in Frameworks */ = {isa = PBXBuildFile; fileRef = FC297534D8E43F6E19E4E25F /* Pods_Bank_App.framework */; };
		B826FB6E21DBEA44007DBC21 /* BankHistoryTableViewCell.swift in Sources */ = {isa = PBXBuildFile; fileRef = B826FB6D21DBEA44007DBC21 /* BankHistoryTableViewCell.swift */; };
		B826FB7021DBEF1D007DBC21 /* Localizable + IBInspectable.swift in Sources */ = {isa = PBXBuildFile; fileRef = B826FB6F21DBEF1D007DBC21 /* Localizable + IBInspectable.swift */; };
		B826FB7221DBEF68007DBC21 /* Localizable.strings in Resources */ = {isa = PBXBuildFile; fileRef = B826FB7121DBEF68007DBC21 /* Localizable.strings */; };
		B840A44721A9C54F00E0A22D /* UserLogin.swift in Sources */ = {isa = PBXBuildFile; fileRef = B840A44621A9C54F00E0A22D /* UserLogin.swift */; };
		B840A44A21A9CA2B00E0A22D /* ErrorType.swift in Sources */ = {isa = PBXBuildFile; fileRef = B840A44921A9CA2B00E0A22D /* ErrorType.swift */; };
		B840A44F21AA009B00E0A22D /* IntroController.swift in Sources */ = {isa = PBXBuildFile; fileRef = B840A44E21AA009B00E0A22D /* IntroController.swift */; };
		B840A45321AA06DB00E0A22D /* IntroInteractor.swift in Sources */ = {isa = PBXBuildFile; fileRef = B840A45221AA06DB00E0A22D /* IntroInteractor.swift */; };
		B840A45521AA0BA100E0A22D /* IntroPresenter.swift in Sources */ = {isa = PBXBuildFile; fileRef = B840A45421AA0BA100E0A22D /* IntroPresenter.swift */; };
		B8425B9921D10248009DD707 /* IntroRouter.swift in Sources */ = {isa = PBXBuildFile; fileRef = B8425B9821D10248009DD707 /* IntroRouter.swift */; };
		B8425B9C21D10895009DD707 /* BankHistoryController.swift in Sources */ = {isa = PBXBuildFile; fileRef = B8425B9B21D10895009DD707 /* BankHistoryController.swift */; };
		B8425B9E21D10A39009DD707 /* BankHistoryInteractor.swift in Sources */ = {isa = PBXBuildFile; fileRef = B8425B9D21D10A39009DD707 /* BankHistoryInteractor.swift */; };
		B8425BA021D10B45009DD707 /* BankHistoryPresentationLogic.swift in Sources */ = {isa = PBXBuildFile; fileRef = B8425B9F21D10B45009DD707 /* BankHistoryPresentationLogic.swift */; };
		B8425BA221D51FB3009DD707 /* BankHistoryRouter.swift in Sources */ = {isa = PBXBuildFile; fileRef = B8425BA121D51FB3009DD707 /* BankHistoryRouter.swift */; };
		B8425BA421D798E2009DD707 /* UserAccount.swift in Sources */ = {isa = PBXBuildFile; fileRef = B8425BA321D798E2009DD707 /* UserAccount.swift */; };
		B8425BA721D79B61009DD707 /* UserAccountData.swift in Sources */ = {isa = PBXBuildFile; fileRef = B8425BA621D79B61009DD707 /* UserAccountData.swift */; };
		B8425BA921D79F79009DD707 /* UserAccountable.swift in Sources */ = {isa = PBXBuildFile; fileRef = B8425BA821D79F79009DD707 /* UserAccountable.swift */; };
		B8425BAC21D7A0A1009DD707 /* BankWorker.swift in Sources */ = {isa = PBXBuildFile; fileRef = B8425BAB21D7A0A1009DD707 /* BankWorker.swift */; };
		B8425BAF21D7B211009DD707 /* BankAPI.swift in Sources */ = {isa = PBXBuildFile; fileRef = B8425BAE21D7B211009DD707 /* BankAPI.swift */; };
		B8425BB121D7B238009DD707 /* BankAPIProtocol.swift in Sources */ = {isa = PBXBuildFile; fileRef = B8425BB021D7B238009DD707 /* BankAPIProtocol.swift */; };
		B8425BB521D97574009DD707 /* UserResponse.swift in Sources */ = {isa = PBXBuildFile; fileRef = B8425BB421D97574009DD707 /* UserResponse.swift */; };
		B8425BB721D975C6009DD707 /* BankError.swift in Sources */ = {isa = PBXBuildFile; fileRef = B8425BB621D975C6009DD707 /* BankError.swift */; };
		B86E3F4E21A62B0800A9B84F /* AppDelegate.swift in Sources */ = {isa = PBXBuildFile; fileRef = B86E3F4D21A62B0800A9B84F /* AppDelegate.swift */; };
		B86E3F5821A62B0F00A9B84F /* Assets.xcassets in Resources */ = {isa = PBXBuildFile; fileRef = B86E3F5721A62B0F00A9B84F /* Assets.xcassets */; };
		B86E3F5B21A62B0F00A9B84F /* LaunchScreen.storyboard in Resources */ = {isa = PBXBuildFile; fileRef = B86E3F5921A62B0F00A9B84F /* LaunchScreen.storyboard */; };
		B879C06421E6B4B700ED1591 /* UserResponseParsingTests.swift in Sources */ = {isa = PBXBuildFile; fileRef = B879C06321E6B4B700ED1591 /* UserResponseParsingTests.swift */; };
		B879C06C21E6B72300ED1591 /* Dictionary + Data.swift in Sources */ = {isa = PBXBuildFile; fileRef = B879C06B21E6B72300ED1591 /* Dictionary + Data.swift */; };
		B89D1F4E21DEEA8A00F1CD9C /* String+HexColor.swift in Sources */ = {isa = PBXBuildFile; fileRef = B89D1F4D21DEEA8A00F1CD9C /* String+HexColor.swift */; };
		B89D1F5021DEEB1900F1CD9C /* UIViewController+StatusBarColor.swift in Sources */ = {isa = PBXBuildFile; fileRef = B89D1F4F21DEEB1900F1CD9C /* UIViewController+StatusBarColor.swift */; };
		B8AA34F121E1348D00E609DA /* BankHistoryHeaderView.swift in Sources */ = {isa = PBXBuildFile; fileRef = B8AA34F021E1348D00E609DA /* BankHistoryHeaderView.swift */; };
		B8BCD4D021DC04AB0004F1D2 /* KeychainWorker.swift in Sources */ = {isa = PBXBuildFile; fileRef = B8BCD4CF21DC04AB0004F1D2 /* KeychainWorker.swift */; };
		B8BCD4D221DC071D0004F1D2 /* KeychainWorkerProtocol.swift in Sources */ = {isa = PBXBuildFile; fileRef = B8BCD4D121DC071D0004F1D2 /* KeychainWorkerProtocol.swift */; };
		B8EFA78321DD75B100994062 /* Statement.swift in Sources */ = {isa = PBXBuildFile; fileRef = B8EFA78221DD75B100994062 /* Statement.swift */; };
		B8EFA78521DD763000994062 /* StatementResponse.swift in Sources */ = {isa = PBXBuildFile; fileRef = B8EFA78421DD763000994062 /* StatementResponse.swift */; };
		B8EFA78721DD78BF00994062 /* BankAPINetwork.swift in Sources */ = {isa = PBXBuildFile; fileRef = B8EFA78621DD78BF00994062 /* BankAPINetwork.swift */; };
		B8F644E621AB068C000707CD /* BankHistory.storyboard in Resources */ = {isa = PBXBuildFile; fileRef = B8F644E821AB068C000707CD /* BankHistory.storyboard */; };
		B8F644F121AB06DC000707CD /* Main.storyboard in Resources */ = {isa = PBXBuildFile; fileRef = B8F644EF21AB06DC000707CD /* Main.storyboard */; };
/* End PBXBuildFile section */

/* Begin PBXContainerItemProxy section */
		B879C06621E6B4B700ED1591 /* PBXContainerItemProxy */ = {
			isa = PBXContainerItemProxy;
			containerPortal = B86E3F4221A62B0700A9B84F /* Project object */;
			proxyType = 1;
			remoteGlobalIDString = B86E3F4921A62B0700A9B84F;
			remoteInfo = "Bank App";
		};
/* End PBXContainerItemProxy section */

/* Begin PBXFileReference section */
		24A69C4A2103C87D6E1BFE44 /* Pods-Bank App.release.xcconfig */ = {isa = PBXFileReference; includeInIndex = 1; lastKnownFileType = text.xcconfig; name = "Pods-Bank App.release.xcconfig"; path = "Pods/Target Support Files/Pods-Bank App/Pods-Bank App.release.xcconfig"; sourceTree = "<group>"; };
		B826FB6D21DBEA44007DBC21 /* BankHistoryTableViewCell.swift */ = {isa = PBXFileReference; lastKnownFileType = sourcecode.swift; path = BankHistoryTableViewCell.swift; sourceTree = "<group>"; };
		B826FB6F21DBEF1D007DBC21 /* Localizable + IBInspectable.swift */ = {isa = PBXFileReference; lastKnownFileType = sourcecode.swift; path = "Localizable + IBInspectable.swift"; sourceTree = "<group>"; };
		B826FB7121DBEF68007DBC21 /* Localizable.strings */ = {isa = PBXFileReference; lastKnownFileType = text.plist.strings; path = Localizable.strings; sourceTree = "<group>"; };
		B840A44621A9C54F00E0A22D /* UserLogin.swift */ = {isa = PBXFileReference; lastKnownFileType = sourcecode.swift; path = UserLogin.swift; sourceTree = "<group>"; };
		B840A44921A9CA2B00E0A22D /* ErrorType.swift */ = {isa = PBXFileReference; lastKnownFileType = sourcecode.swift; path = ErrorType.swift; sourceTree = "<group>"; };
		B840A44E21AA009B00E0A22D /* IntroController.swift */ = {isa = PBXFileReference; lastKnownFileType = sourcecode.swift; path = IntroController.swift; sourceTree = "<group>"; };
		B840A45221AA06DB00E0A22D /* IntroInteractor.swift */ = {isa = PBXFileReference; lastKnownFileType = sourcecode.swift; path = IntroInteractor.swift; sourceTree = "<group>"; };
		B840A45421AA0BA100E0A22D /* IntroPresenter.swift */ = {isa = PBXFileReference; lastKnownFileType = sourcecode.swift; path = IntroPresenter.swift; sourceTree = "<group>"; };
		B8425B9821D10248009DD707 /* IntroRouter.swift */ = {isa = PBXFileReference; lastKnownFileType = sourcecode.swift; path = IntroRouter.swift; sourceTree = "<group>"; };
		B8425B9B21D10895009DD707 /* BankHistoryController.swift */ = {isa = PBXFileReference; lastKnownFileType = sourcecode.swift; path = BankHistoryController.swift; sourceTree = "<group>"; };
		B8425B9D21D10A39009DD707 /* BankHistoryInteractor.swift */ = {isa = PBXFileReference; lastKnownFileType = sourcecode.swift; path = BankHistoryInteractor.swift; sourceTree = "<group>"; };
		B8425B9F21D10B45009DD707 /* BankHistoryPresentationLogic.swift */ = {isa = PBXFileReference; lastKnownFileType = sourcecode.swift; path = BankHistoryPresentationLogic.swift; sourceTree = "<group>"; };
		B8425BA121D51FB3009DD707 /* BankHistoryRouter.swift */ = {isa = PBXFileReference; lastKnownFileType = sourcecode.swift; path = BankHistoryRouter.swift; sourceTree = "<group>"; };
		B8425BA321D798E2009DD707 /* UserAccount.swift */ = {isa = PBXFileReference; lastKnownFileType = sourcecode.swift; path = UserAccount.swift; sourceTree = "<group>"; };
		B8425BA621D79B61009DD707 /* UserAccountData.swift */ = {isa = PBXFileReference; lastKnownFileType = sourcecode.swift; path = UserAccountData.swift; sourceTree = "<group>"; };
		B8425BA821D79F79009DD707 /* UserAccountable.swift */ = {isa = PBXFileReference; lastKnownFileType = sourcecode.swift; path = UserAccountable.swift; sourceTree = "<group>"; };
		B8425BAB21D7A0A1009DD707 /* BankWorker.swift */ = {isa = PBXFileReference; lastKnownFileType = sourcecode.swift; path = BankWorker.swift; sourceTree = "<group>"; };
		B8425BAE21D7B211009DD707 /* BankAPI.swift */ = {isa = PBXFileReference; lastKnownFileType = sourcecode.swift; path = BankAPI.swift; sourceTree = "<group>"; };
		B8425BB021D7B238009DD707 /* BankAPIProtocol.swift */ = {isa = PBXFileReference; lastKnownFileType = sourcecode.swift; path = BankAPIProtocol.swift; sourceTree = "<group>"; };
		B8425BB421D97574009DD707 /* UserResponse.swift */ = {isa = PBXFileReference; lastKnownFileType = sourcecode.swift; path = UserResponse.swift; sourceTree = "<group>"; };
		B8425BB621D975C6009DD707 /* BankError.swift */ = {isa = PBXFileReference; lastKnownFileType = sourcecode.swift; path = BankError.swift; sourceTree = "<group>"; };
		B86E3F4A21A62B0700A9B84F /* Bank App.dev.app */ = {isa = PBXFileReference; explicitFileType = wrapper.application; includeInIndex = 0; path = "Bank App.dev.app"; sourceTree = BUILT_PRODUCTS_DIR; };
		B86E3F4D21A62B0800A9B84F /* AppDelegate.swift */ = {isa = PBXFileReference; lastKnownFileType = sourcecode.swift; path = AppDelegate.swift; sourceTree = "<group>"; };
		B86E3F5721A62B0F00A9B84F /* Assets.xcassets */ = {isa = PBXFileReference; lastKnownFileType = folder.assetcatalog; path = Assets.xcassets; sourceTree = "<group>"; };
		B86E3F5A21A62B0F00A9B84F /* Base */ = {isa = PBXFileReference; lastKnownFileType = file.storyboard; name = Base; path = Base.lproj/LaunchScreen.storyboard; sourceTree = "<group>"; };
		B86E3F5C21A62B0F00A9B84F /* Info.plist */ = {isa = PBXFileReference; lastKnownFileType = text.plist.xml; path = Info.plist; sourceTree = "<group>"; };
		B879C06121E6B4B700ED1591 /* Bank AppTests.xctest */ = {isa = PBXFileReference; explicitFileType = wrapper.cfbundle; includeInIndex = 0; path = "Bank AppTests.xctest"; sourceTree = BUILT_PRODUCTS_DIR; };
		B879C06321E6B4B700ED1591 /* UserResponseParsingTests.swift */ = {isa = PBXFileReference; lastKnownFileType = sourcecode.swift; path = UserResponseParsingTests.swift; sourceTree = "<group>"; };
		B879C06521E6B4B700ED1591 /* Info.plist */ = {isa = PBXFileReference; lastKnownFileType = text.plist.xml; path = Info.plist; sourceTree = "<group>"; };
		B879C06B21E6B72300ED1591 /* Dictionary + Data.swift */ = {isa = PBXFileReference; lastKnownFileType = sourcecode.swift; path = "Dictionary + Data.swift"; sourceTree = "<group>"; };
		B89D1F4D21DEEA8A00F1CD9C /* String+HexColor.swift */ = {isa = PBXFileReference; lastKnownFileType = sourcecode.swift; path = "String+HexColor.swift"; sourceTree = "<group>"; };
		B89D1F4F21DEEB1900F1CD9C /* UIViewController+StatusBarColor.swift */ = {isa = PBXFileReference; lastKnownFileType = sourcecode.swift; path = "UIViewController+StatusBarColor.swift"; sourceTree = "<group>"; };
		B8AA34F021E1348D00E609DA /* BankHistoryHeaderView.swift */ = {isa = PBXFileReference; lastKnownFileType = sourcecode.swift; path = BankHistoryHeaderView.swift; sourceTree = "<group>"; };
		B8BCD4CF21DC04AB0004F1D2 /* KeychainWorker.swift */ = {isa = PBXFileReference; lastKnownFileType = sourcecode.swift; path = KeychainWorker.swift; sourceTree = "<group>"; };
		B8BCD4D121DC071D0004F1D2 /* KeychainWorkerProtocol.swift */ = {isa = PBXFileReference; lastKnownFileType = sourcecode.swift; path = KeychainWorkerProtocol.swift; sourceTree = "<group>"; };
		B8EFA78221DD75B100994062 /* Statement.swift */ = {isa = PBXFileReference; lastKnownFileType = sourcecode.swift; path = Statement.swift; sourceTree = "<group>"; };
		B8EFA78421DD763000994062 /* StatementResponse.swift */ = {isa = PBXFileReference; lastKnownFileType = sourcecode.swift; path = StatementResponse.swift; sourceTree = "<group>"; };
		B8EFA78621DD78BF00994062 /* BankAPINetwork.swift */ = {isa = PBXFileReference; lastKnownFileType = sourcecode.swift; path = BankAPINetwork.swift; sourceTree = "<group>"; };
		B8F644E321AB05F6000707CD /* pt-BR */ = {isa = PBXFileReference; lastKnownFileType = text.plist.strings; name = "pt-BR"; path = "pt-BR.lproj/LaunchScreen.strings"; sourceTree = "<group>"; };
		B8F644E721AB068C000707CD /* Base */ = {isa = PBXFileReference; lastKnownFileType = file.storyboard; name = Base; path = Base.lproj/BankHistory.storyboard; sourceTree = "<group>"; };
		B8F644EA21AB0691000707CD /* en */ = {isa = PBXFileReference; lastKnownFileType = text.plist.strings; name = en; path = en.lproj/BankHistory.strings; sourceTree = "<group>"; };
		B8F644EC21AB0691000707CD /* pt-BR */ = {isa = PBXFileReference; lastKnownFileType = text.plist.strings; name = "pt-BR"; path = "pt-BR.lproj/BankHistory.strings"; sourceTree = "<group>"; };
		B8F644F221AB06E5000707CD /* Base */ = {isa = PBXFileReference; lastKnownFileType = file.storyboard; name = Base; path = Base.lproj/Main.storyboard; sourceTree = "<group>"; };
		B8F644F421AB06EB000707CD /* en */ = {isa = PBXFileReference; lastKnownFileType = text.plist.strings; name = en; path = en.lproj/Main.strings; sourceTree = "<group>"; };
		B8F644F521AB0702000707CD /* pt-BR */ = {isa = PBXFileReference; lastKnownFileType = text.plist.strings; name = "pt-BR"; path = "pt-BR.lproj/Main.strings"; sourceTree = "<group>"; };
		F1CE05E9F0D0DFE85EAD8DBB /* Pods-Bank App.debug.xcconfig */ = {isa = PBXFileReference; includeInIndex = 1; lastKnownFileType = text.xcconfig; name = "Pods-Bank App.debug.xcconfig"; path = "Pods/Target Support Files/Pods-Bank App/Pods-Bank App.debug.xcconfig"; sourceTree = "<group>"; };
		FC297534D8E43F6E19E4E25F /* Pods_Bank_App.framework */ = {isa = PBXFileReference; explicitFileType = wrapper.framework; includeInIndex = 0; path = Pods_Bank_App.framework; sourceTree = BUILT_PRODUCTS_DIR; };
/* End PBXFileReference section */

/* Begin PBXFrameworksBuildPhase section */
		B86E3F4721A62B0700A9B84F /* Frameworks */ = {
			isa = PBXFrameworksBuildPhase;
			buildActionMask = 2147483647;
			files = (
				18C305DB89594B4F761AA6EB /* Pods_Bank_App.framework in Frameworks */,
			);
			runOnlyForDeploymentPostprocessing = 0;
		};
		B879C05E21E6B4B700ED1591 /* Frameworks */ = {
			isa = PBXFrameworksBuildPhase;
			buildActionMask = 2147483647;
			files = (
			);
			runOnlyForDeploymentPostprocessing = 0;
		};
/* End PBXFrameworksBuildPhase section */

/* Begin PBXGroup section */
		0E44DA7E5EB946CB73310F4A /* Pods */ = {
			isa = PBXGroup;
			children = (
				F1CE05E9F0D0DFE85EAD8DBB /* Pods-Bank App.debug.xcconfig */,
				24A69C4A2103C87D6E1BFE44 /* Pods-Bank App.release.xcconfig */,
			);
			name = Pods;
			sourceTree = "<group>";
		};
		770DA5F9389005C0D495A25B /* Frameworks */ = {
			isa = PBXGroup;
			children = (
				FC297534D8E43F6E19E4E25F /* Pods_Bank_App.framework */,
			);
			name = Frameworks;
			sourceTree = "<group>";
		};
		B840A44521A9C54500E0A22D /* Models */ = {
			isa = PBXGroup;
			children = (
				B840A44621A9C54F00E0A22D /* UserLogin.swift */,
				B8425BA321D798E2009DD707 /* UserAccount.swift */,
				B8425BB421D97574009DD707 /* UserResponse.swift */,
				B8425BB621D975C6009DD707 /* BankError.swift */,
				B8EFA78221DD75B100994062 /* Statement.swift */,
				B8EFA78421DD763000994062 /* StatementResponse.swift */,
			);
			name = Models;
			sourceTree = "<group>";
		};
		B840A44821A9CA1F00E0A22D /* Enums */ = {
			isa = PBXGroup;
			children = (
				B840A44921A9CA2B00E0A22D /* ErrorType.swift */,
			);
			name = Enums;
			sourceTree = "<group>";
		};
		B840A44D21AA008D00E0A22D /* Intro */ = {
			isa = PBXGroup;
			children = (
				B840A44E21AA009B00E0A22D /* IntroController.swift */,
				B840A45221AA06DB00E0A22D /* IntroInteractor.swift */,
				B840A45421AA0BA100E0A22D /* IntroPresenter.swift */,
				B8425B9821D10248009DD707 /* IntroRouter.swift */,
			);
			name = Intro;
			sourceTree = "<group>";
		};
		B8425B9A21D10878009DD707 /* BankHistory */ = {
			isa = PBXGroup;
			children = (
				B8425B9B21D10895009DD707 /* BankHistoryController.swift */,
				B8425B9D21D10A39009DD707 /* BankHistoryInteractor.swift */,
				B8425B9F21D10B45009DD707 /* BankHistoryPresentationLogic.swift */,
				B8425BA121D51FB3009DD707 /* BankHistoryRouter.swift */,
				B826FB6D21DBEA44007DBC21 /* BankHistoryTableViewCell.swift */,
				B8AA34F021E1348D00E609DA /* BankHistoryHeaderView.swift */,
			);
			name = BankHistory;
			sourceTree = "<group>";
		};
		B8425BA521D79B3C009DD707 /* Protocols */ = {
			isa = PBXGroup;
			children = (
				B8425BA621D79B61009DD707 /* UserAccountData.swift */,
				B8425BA821D79F79009DD707 /* UserAccountable.swift */,
				B826FB6F21DBEF1D007DBC21 /* Localizable + IBInspectable.swift */,
			);
			name = Protocols;
			sourceTree = "<group>";
		};
		B8425BAA21D7A088009DD707 /* Worker */ = {
			isa = PBXGroup;
			children = (
				B8425BAB21D7A0A1009DD707 /* BankWorker.swift */,
				B8BCD4CF21DC04AB0004F1D2 /* KeychainWorker.swift */,
				B8BCD4D121DC071D0004F1D2 /* KeychainWorkerProtocol.swift */,
			);
			name = Worker;
			sourceTree = "<group>";
		};
		B8425BAD21D7B201009DD707 /* Services */ = {
			isa = PBXGroup;
			children = (
				B8425BAE21D7B211009DD707 /* BankAPI.swift */,
				B8425BB021D7B238009DD707 /* BankAPIProtocol.swift */,
				B8EFA78621DD78BF00994062 /* BankAPINetwork.swift */,
			);
			name = Services;
			sourceTree = "<group>";
		};
		B86E3F4121A62B0700A9B84F = {
			isa = PBXGroup;
			children = (
				B86E3F4C21A62B0700A9B84F /* Bank App */,
				B879C06221E6B4B700ED1591 /* Bank AppTests */,
				B86E3F4B21A62B0700A9B84F /* Products */,
				0E44DA7E5EB946CB73310F4A /* Pods */,
				770DA5F9389005C0D495A25B /* Frameworks */,
			);
			sourceTree = "<group>";
		};
		B86E3F4B21A62B0700A9B84F /* Products */ = {
			isa = PBXGroup;
			children = (
				B86E3F4A21A62B0700A9B84F /* Bank App.dev.app */,
				B879C06121E6B4B700ED1591 /* Bank AppTests.xctest */,
			);
			name = Products;
			sourceTree = "<group>";
		};
		B86E3F4C21A62B0700A9B84F /* Bank App */ = {
			isa = PBXGroup;
			children = (
				B86E3F6421A6336800A9B84F /* OtherSources */,
				B86E3F6321A6333B00A9B84F /* Resource */,
				B86E3F6221A6332C00A9B84F /* Source */,
			);
			path = "Bank App";
			sourceTree = "<group>";
		};
		B86E3F6221A6332C00A9B84F /* Source */ = {
			isa = PBXGroup;
			children = (
				B89D1F4C21DEEA7600F1CD9C /* Extensions */,
				B8425BAD21D7B201009DD707 /* Services */,
				B8425BAA21D7A088009DD707 /* Worker */,
				B8425BA521D79B3C009DD707 /* Protocols */,
				B8425B9A21D10878009DD707 /* BankHistory */,
				B840A44D21AA008D00E0A22D /* Intro */,
				B840A44821A9CA1F00E0A22D /* Enums */,
				B840A44521A9C54500E0A22D /* Models */,
			);
			path = Source;
			sourceTree = "<group>";
		};
		B86E3F6321A6333B00A9B84F /* Resource */ = {
			isa = PBXGroup;
			children = (
				B8F644EF21AB06DC000707CD /* Main.storyboard */,
				B8F644E821AB068C000707CD /* BankHistory.storyboard */,
				B86E3F5721A62B0F00A9B84F /* Assets.xcassets */,
				B86E3F5921A62B0F00A9B84F /* LaunchScreen.storyboard */,
			);
			path = Resource;
			sourceTree = "<group>";
		};
		B86E3F6421A6336800A9B84F /* OtherSources */ = {
			isa = PBXGroup;
			children = (
				B86E3F5C21A62B0F00A9B84F /* Info.plist */,
				B86E3F4D21A62B0800A9B84F /* AppDelegate.swift */,
				B826FB7121DBEF68007DBC21 /* Localizable.strings */,
			);
			name = OtherSources;
			sourceTree = "<group>";
		};
		B879C06221E6B4B700ED1591 /* Bank AppTests */ = {
			isa = PBXGroup;
			children = (
				B89A857421E6C8BD00BA55B1 /* Parsing */,
				B879C06521E6B4B700ED1591 /* Info.plist */,
			);
			path = "Bank AppTests";
			sourceTree = "<group>";
		};
		B89A857421E6C8BD00BA55B1 /* Parsing */ = {
			isa = PBXGroup;
			children = (
				B879C06321E6B4B700ED1591 /* UserResponseParsingTests.swift */,
			);
			path = Parsing;
			sourceTree = "<group>";
		};
		B89D1F4C21DEEA7600F1CD9C /* Extensions */ = {
			isa = PBXGroup;
			children = (
				B89D1F4D21DEEA8A00F1CD9C /* String+HexColor.swift */,
				B89D1F4F21DEEB1900F1CD9C /* UIViewController+StatusBarColor.swift */,
				B879C06B21E6B72300ED1591 /* Dictionary + Data.swift */,
			);
			name = Extensions;
			sourceTree = "<group>";
		};
/* End PBXGroup section */

/* Begin PBXNativeTarget section */
		B86E3F4921A62B0700A9B84F /* Bank App */ = {
			isa = PBXNativeTarget;
			buildConfigurationList = B86E3F5F21A62B0F00A9B84F /* Build configuration list for PBXNativeTarget "Bank App" */;
			buildPhases = (
				28FED2C3C9C2E510C4452BB7 /* [CP] Check Pods Manifest.lock */,
				B86E3F4621A62B0700A9B84F /* Sources */,
				B86E3F4721A62B0700A9B84F /* Frameworks */,
				B86E3F4821A62B0700A9B84F /* Resources */,
				86FED68651ABAE8F08023635 /* [CP] Embed Pods Frameworks */,
			);
			buildRules = (
			);
			dependencies = (
			);
			name = "Bank App";
			productName = "Bank App";
			productReference = B86E3F4A21A62B0700A9B84F /* Bank App.dev.app */;
			productType = "com.apple.product-type.application";
		};
		B879C06021E6B4B700ED1591 /* Bank AppTests */ = {
			isa = PBXNativeTarget;
			buildConfigurationList = B879C06A21E6B4B700ED1591 /* Build configuration list for PBXNativeTarget "Bank AppTests" */;
			buildPhases = (
				B879C05D21E6B4B700ED1591 /* Sources */,
				B879C05E21E6B4B700ED1591 /* Frameworks */,
				B879C05F21E6B4B700ED1591 /* Resources */,
			);
			buildRules = (
			);
			dependencies = (
				B879C06721E6B4B700ED1591 /* PBXTargetDependency */,
			);
			name = "Bank AppTests";
			productName = "Bank AppTests";
			productReference = B879C06121E6B4B700ED1591 /* Bank AppTests.xctest */;
			productType = "com.apple.product-type.bundle.unit-test";
		};
/* End PBXNativeTarget section */

/* Begin PBXProject section */
		B86E3F4221A62B0700A9B84F /* Project object */ = {
			isa = PBXProject;
			attributes = {
				DefaultBuildSystemTypeForWorkspace = Original;
				LastSwiftUpdateCheck = 1010;
				LastUpgradeCheck = 1000;
				ORGANIZATIONNAME = "Salgado's Productions";
				TargetAttributes = {
					B86E3F4921A62B0700A9B84F = {
						CreatedOnToolsVersion = 10.0;
					};
					B879C06021E6B4B700ED1591 = {
						CreatedOnToolsVersion = 10.1;
						TestTargetID = B86E3F4921A62B0700A9B84F;
					};
				};
			};
			buildConfigurationList = B86E3F4521A62B0700A9B84F /* Build configuration list for PBXProject "Bank App" */;
			compatibilityVersion = "Xcode 9.3";
			developmentRegion = en;
			hasScannedForEncodings = 0;
			knownRegions = (
				en,
				Base,
				"pt-BR",
			);
			mainGroup = B86E3F4121A62B0700A9B84F;
			productRefGroup = B86E3F4B21A62B0700A9B84F /* Products */;
			projectDirPath = "";
			projectRoot = "";
			targets = (
				B86E3F4921A62B0700A9B84F /* Bank App */,
				B879C06021E6B4B700ED1591 /* Bank AppTests */,
			);
		};
/* End PBXProject section */

/* Begin PBXResourcesBuildPhase section */
		B86E3F4821A62B0700A9B84F /* Resources */ = {
			isa = PBXResourcesBuildPhase;
			buildActionMask = 2147483647;
			files = (
				B826FB7221DBEF68007DBC21 /* Localizable.strings in Resources */,
				B86E3F5B21A62B0F00A9B84F /* LaunchScreen.storyboard in Resources */,
				B86E3F5821A62B0F00A9B84F /* Assets.xcassets in Resources */,
				B8F644E621AB068C000707CD /* BankHistory.storyboard in Resources */,
				B8F644F121AB06DC000707CD /* Main.storyboard in Resources */,
			);
			runOnlyForDeploymentPostprocessing = 0;
		};
		B879C05F21E6B4B700ED1591 /* Resources */ = {
			isa = PBXResourcesBuildPhase;
			buildActionMask = 2147483647;
			files = (
			);
			runOnlyForDeploymentPostprocessing = 0;
		};
/* End PBXResourcesBuildPhase section */

/* Begin PBXShellScriptBuildPhase section */
		28FED2C3C9C2E510C4452BB7 /* [CP] Check Pods Manifest.lock */ = {
			isa = PBXShellScriptBuildPhase;
			buildActionMask = 2147483647;
			files = (
			);
			inputFileListPaths = (
			);
			inputPaths = (
				"${PODS_PODFILE_DIR_PATH}/Podfile.lock",
				"${PODS_ROOT}/Manifest.lock",
			);
			name = "[CP] Check Pods Manifest.lock";
			outputFileListPaths = (
			);
			outputPaths = (
				"$(DERIVED_FILE_DIR)/Pods-Bank App-checkManifestLockResult.txt",
			);
			runOnlyForDeploymentPostprocessing = 0;
			shellPath = /bin/sh;
			shellScript = "diff \"${PODS_PODFILE_DIR_PATH}/Podfile.lock\" \"${PODS_ROOT}/Manifest.lock\" > /dev/null\nif [ $? != 0 ] ; then\n    # print error to STDERR\n    echo \"error: The sandbox is not in sync with the Podfile.lock. Run 'pod install' or update your CocoaPods installation.\" >&2\n    exit 1\nfi\n# This output is used by Xcode 'outputs' to avoid re-running this script phase.\necho \"SUCCESS\" > \"${SCRIPT_OUTPUT_FILE_0}\"\n";
			showEnvVarsInLog = 0;
		};
		86FED68651ABAE8F08023635 /* [CP] Embed Pods Frameworks */ = {
			isa = PBXShellScriptBuildPhase;
			buildActionMask = 2147483647;
			files = (
			);
			inputFileListPaths = (
			);
			inputPaths = (
				"${SRCROOT}/Pods/Target Support Files/Pods-Bank App/Pods-Bank App-frameworks.sh",
				"${BUILT_PRODUCTS_DIR}/KeychainSwift/KeychainSwift.framework",
				"${BUILT_PRODUCTS_DIR}/TPKeyboardAvoiding/TPKeyboardAvoiding.framework",
			);
			name = "[CP] Embed Pods Frameworks";
			outputFileListPaths = (
			);
			outputPaths = (
				"${TARGET_BUILD_DIR}/${FRAMEWORKS_FOLDER_PATH}/KeychainSwift.framework",
				"${TARGET_BUILD_DIR}/${FRAMEWORKS_FOLDER_PATH}/TPKeyboardAvoiding.framework",
			);
			runOnlyForDeploymentPostprocessing = 0;
			shellPath = /bin/sh;
			shellScript = "\"${SRCROOT}/Pods/Target Support Files/Pods-Bank App/Pods-Bank App-frameworks.sh\"\n";
			showEnvVarsInLog = 0;
		};
/* End PBXShellScriptBuildPhase section */

/* Begin PBXSourcesBuildPhase section */
		B86E3F4621A62B0700A9B84F /* Sources */ = {
			isa = PBXSourcesBuildPhase;
			buildActionMask = 2147483647;
			files = (
				B8425B9C21D10895009DD707 /* BankHistoryController.swift in Sources */,
				B8BCD4D021DC04AB0004F1D2 /* KeychainWorker.swift in Sources */,
				B8EFA78521DD763000994062 /* StatementResponse.swift in Sources */,
				B826FB7021DBEF1D007DBC21 /* Localizable + IBInspectable.swift in Sources */,
				B89D1F5021DEEB1900F1CD9C /* UIViewController+StatusBarColor.swift in Sources */,
				B840A45321AA06DB00E0A22D /* IntroInteractor.swift in Sources */,
				B8425BB121D7B238009DD707 /* BankAPIProtocol.swift in Sources */,
				B89D1F4E21DEEA8A00F1CD9C /* String+HexColor.swift in Sources */,
				B8425BA221D51FB3009DD707 /* BankHistoryRouter.swift in Sources */,
				B879C06C21E6B72300ED1591 /* Dictionary + Data.swift in Sources */,
				B8425B9E21D10A39009DD707 /* BankHistoryInteractor.swift in Sources */,
				B8425BA721D79B61009DD707 /* UserAccountData.swift in Sources */,
				B8EFA78721DD78BF00994062 /* BankAPINetwork.swift in Sources */,
				B840A45521AA0BA100E0A22D /* IntroPresenter.swift in Sources */,
				B86E3F4E21A62B0800A9B84F /* AppDelegate.swift in Sources */,
				B8425B9921D10248009DD707 /* IntroRouter.swift in Sources */,
				B8AA34F121E1348D00E609DA /* BankHistoryHeaderView.swift in Sources */,
				B8425BAC21D7A0A1009DD707 /* BankWorker.swift in Sources */,
				B8BCD4D221DC071D0004F1D2 /* KeychainWorkerProtocol.swift in Sources */,
				B840A44F21AA009B00E0A22D /* IntroController.swift in Sources */,
				B8425BA021D10B45009DD707 /* BankHistoryPresentationLogic.swift in Sources */,
				B8EFA78321DD75B100994062 /* Statement.swift in Sources */,
				B8425BB521D97574009DD707 /* UserResponse.swift in Sources */,
				B8425BA421D798E2009DD707 /* UserAccount.swift in Sources */,
				B840A44A21A9CA2B00E0A22D /* ErrorType.swift in Sources */,
				B8425BB721D975C6009DD707 /* BankError.swift in Sources */,
				B8425BA921D79F79009DD707 /* UserAccountable.swift in Sources */,
				B8425BAF21D7B211009DD707 /* BankAPI.swift in Sources */,
				B826FB6E21DBEA44007DBC21 /* BankHistoryTableViewCell.swift in Sources */,
				B840A44721A9C54F00E0A22D /* UserLogin.swift in Sources */,
			);
			runOnlyForDeploymentPostprocessing = 0;
		};
		B879C05D21E6B4B700ED1591 /* Sources */ = {
			isa = PBXSourcesBuildPhase;
			buildActionMask = 2147483647;
			files = (
				B879C06421E6B4B700ED1591 /* UserResponseParsingTests.swift in Sources */,
			);
			runOnlyForDeploymentPostprocessing = 0;
		};
/* End PBXSourcesBuildPhase section */

/* Begin PBXTargetDependency section */
		B879C06721E6B4B700ED1591 /* PBXTargetDependency */ = {
			isa = PBXTargetDependency;
			target = B86E3F4921A62B0700A9B84F /* Bank App */;
			targetProxy = B879C06621E6B4B700ED1591 /* PBXContainerItemProxy */;
		};
/* End PBXTargetDependency section */

/* Begin PBXVariantGroup section */
		B86E3F5921A62B0F00A9B84F /* LaunchScreen.storyboard */ = {
			isa = PBXVariantGroup;
			children = (
				B86E3F5A21A62B0F00A9B84F /* Base */,
				B8F644E321AB05F6000707CD /* pt-BR */,
			);
			name = LaunchScreen.storyboard;
			sourceTree = "<group>";
		};
		B8F644E821AB068C000707CD /* BankHistory.storyboard */ = {
			isa = PBXVariantGroup;
			children = (
				B8F644E721AB068C000707CD /* Base */,
				B8F644EA21AB0691000707CD /* en */,
				B8F644EC21AB0691000707CD /* pt-BR */,
			);
			name = BankHistory.storyboard;
			sourceTree = "<group>";
		};
		B8F644EF21AB06DC000707CD /* Main.storyboard */ = {
			isa = PBXVariantGroup;
			children = (
				B8F644F221AB06E5000707CD /* Base */,
				B8F644F421AB06EB000707CD /* en */,
				B8F644F521AB0702000707CD /* pt-BR */,
			);
			name = Main.storyboard;
			sourceTree = "<group>";
		};
/* End PBXVariantGroup section */

/* Begin XCBuildConfiguration section */
		B86E3F5D21A62B0F00A9B84F /* Debug */ = {
			isa = XCBuildConfiguration;
			buildSettings = {
				ALWAYS_SEARCH_USER_PATHS = NO;
				APP_SUFIX = .dev;
				CLANG_ANALYZER_LOCALIZABILITY_NONLOCALIZED = YES;
				CLANG_ANALYZER_NONNULL = YES;
				CLANG_ANALYZER_NUMBER_OBJECT_CONVERSION = YES_AGGRESSIVE;
				CLANG_CXX_LANGUAGE_STANDARD = "gnu++14";
				CLANG_CXX_LIBRARY = "libc++";
				CLANG_ENABLE_MODULES = YES;
				CLANG_ENABLE_OBJC_ARC = YES;
				CLANG_ENABLE_OBJC_WEAK = YES;
				CLANG_WARN_BLOCK_CAPTURE_AUTORELEASING = YES;
				CLANG_WARN_BOOL_CONVERSION = YES;
				CLANG_WARN_COMMA = YES;
				CLANG_WARN_CONSTANT_CONVERSION = YES;
				CLANG_WARN_DEPRECATED_OBJC_IMPLEMENTATIONS = YES;
				CLANG_WARN_DIRECT_OBJC_ISA_USAGE = YES_ERROR;
				CLANG_WARN_DOCUMENTATION_COMMENTS = YES;
				CLANG_WARN_EMPTY_BODY = YES;
				CLANG_WARN_ENUM_CONVERSION = YES;
				CLANG_WARN_INFINITE_RECURSION = YES;
				CLANG_WARN_INT_CONVERSION = YES;
				CLANG_WARN_NON_LITERAL_NULL_CONVERSION = YES;
				CLANG_WARN_OBJC_IMPLICIT_RETAIN_SELF = YES;
				CLANG_WARN_OBJC_LITERAL_CONVERSION = YES;
				CLANG_WARN_OBJC_ROOT_CLASS = YES_ERROR;
				CLANG_WARN_RANGE_LOOP_ANALYSIS = YES;
				CLANG_WARN_STRICT_PROTOTYPES = YES;
				CLANG_WARN_SUSPICIOUS_MOVE = YES;
				CLANG_WARN_UNGUARDED_AVAILABILITY = YES_AGGRESSIVE;
				CLANG_WARN_UNREACHABLE_CODE = YES;
				CLANG_WARN__DUPLICATE_METHOD_MATCH = YES;
				CODE_SIGN_IDENTITY = "iPhone Developer";
				COPY_PHASE_STRIP = NO;
				DEBUG_INFORMATION_FORMAT = dwarf;
				ENABLE_STRICT_OBJC_MSGSEND = YES;
				ENABLE_TESTABILITY = YES;
				GCC_C_LANGUAGE_STANDARD = gnu11;
				GCC_DYNAMIC_NO_PIC = NO;
				GCC_NO_COMMON_BLOCKS = YES;
				GCC_OPTIMIZATION_LEVEL = s;
				GCC_PREPROCESSOR_DEFINITIONS = (
					"DEBUG=1",
					"$(inherited)",
				);
				GCC_WARN_64_TO_32_BIT_CONVERSION = YES;
				GCC_WARN_ABOUT_RETURN_TYPE = YES_ERROR;
				GCC_WARN_UNDECLARED_SELECTOR = YES;
				GCC_WARN_UNINITIALIZED_AUTOS = YES_AGGRESSIVE;
				GCC_WARN_UNUSED_FUNCTION = YES;
				GCC_WARN_UNUSED_VARIABLE = YES;
				IPHONEOS_DEPLOYMENT_TARGET = 12.0;
				MTL_ENABLE_DEBUG_INFO = INCLUDE_SOURCE;
				MTL_FAST_MATH = YES;
				ONLY_ACTIVE_ARCH = YES;
				SDKROOT = iphoneos;
				SWIFT_ACTIVE_COMPILATION_CONDITIONS = DEBUG;
				SWIFT_OPTIMIZATION_LEVEL = "-Onone";
			};
			name = Debug;
		};
		B86E3F5E21A62B0F00A9B84F /* Release */ = {
			isa = XCBuildConfiguration;
			buildSettings = {
				ALWAYS_SEARCH_USER_PATHS = NO;
				APP_SUFIX = "";
				CLANG_ANALYZER_LOCALIZABILITY_NONLOCALIZED = YES;
				CLANG_ANALYZER_NONNULL = YES;
				CLANG_ANALYZER_NUMBER_OBJECT_CONVERSION = YES_AGGRESSIVE;
				CLANG_CXX_LANGUAGE_STANDARD = "gnu++14";
				CLANG_CXX_LIBRARY = "libc++";
				CLANG_ENABLE_MODULES = YES;
				CLANG_ENABLE_OBJC_ARC = YES;
				CLANG_ENABLE_OBJC_WEAK = YES;
				CLANG_WARN_BLOCK_CAPTURE_AUTORELEASING = YES;
				CLANG_WARN_BOOL_CONVERSION = YES;
				CLANG_WARN_COMMA = YES;
				CLANG_WARN_CONSTANT_CONVERSION = YES;
				CLANG_WARN_DEPRECATED_OBJC_IMPLEMENTATIONS = YES;
				CLANG_WARN_DIRECT_OBJC_ISA_USAGE = YES_ERROR;
				CLANG_WARN_DOCUMENTATION_COMMENTS = YES;
				CLANG_WARN_EMPTY_BODY = YES;
				CLANG_WARN_ENUM_CONVERSION = YES;
				CLANG_WARN_INFINITE_RECURSION = YES;
				CLANG_WARN_INT_CONVERSION = YES;
				CLANG_WARN_NON_LITERAL_NULL_CONVERSION = YES;
				CLANG_WARN_OBJC_IMPLICIT_RETAIN_SELF = YES;
				CLANG_WARN_OBJC_LITERAL_CONVERSION = YES;
				CLANG_WARN_OBJC_ROOT_CLASS = YES_ERROR;
				CLANG_WARN_RANGE_LOOP_ANALYSIS = YES;
				CLANG_WARN_STRICT_PROTOTYPES = YES;
				CLANG_WARN_SUSPICIOUS_MOVE = YES;
				CLANG_WARN_UNGUARDED_AVAILABILITY = YES_AGGRESSIVE;
				CLANG_WARN_UNREACHABLE_CODE = YES;
				CLANG_WARN__DUPLICATE_METHOD_MATCH = YES;
				CODE_SIGN_IDENTITY = "iPhone Developer";
				COPY_PHASE_STRIP = NO;
				DEBUG_INFORMATION_FORMAT = "dwarf-with-dsym";
				ENABLE_NS_ASSERTIONS = NO;
				ENABLE_STRICT_OBJC_MSGSEND = YES;
				GCC_C_LANGUAGE_STANDARD = gnu11;
				GCC_NO_COMMON_BLOCKS = YES;
				GCC_WARN_64_TO_32_BIT_CONVERSION = YES;
				GCC_WARN_ABOUT_RETURN_TYPE = YES_ERROR;
				GCC_WARN_UNDECLARED_SELECTOR = YES;
				GCC_WARN_UNINITIALIZED_AUTOS = YES_AGGRESSIVE;
				GCC_WARN_UNUSED_FUNCTION = YES;
				GCC_WARN_UNUSED_VARIABLE = YES;
				IPHONEOS_DEPLOYMENT_TARGET = 12.0;
				MTL_ENABLE_DEBUG_INFO = NO;
				MTL_FAST_MATH = YES;
				SDKROOT = iphoneos;
				SWIFT_COMPILATION_MODE = wholemodule;
				SWIFT_OPTIMIZATION_LEVEL = "-O";
				VALIDATE_PRODUCT = YES;
			};
			name = Release;
		};
		B86E3F6021A62B0F00A9B84F /* Debug */ = {
			isa = XCBuildConfiguration;
			baseConfigurationReference = F1CE05E9F0D0DFE85EAD8DBB /* Pods-Bank App.debug.xcconfig */;
			buildSettings = {
				ASSETCATALOG_COMPILER_APPICON_NAME = "AppIcon$(APP_SUFIX)";
				CODE_SIGN_STYLE = Automatic;
				DEVELOPMENT_TEAM = HT3YCTX6YE;
				INFOPLIST_FILE = "Bank App/Info.plist";
				IPHONEOS_DEPLOYMENT_TARGET = 10.3;
				LD_RUNPATH_SEARCH_PATHS = (
					"$(inherited)",
					"@executable_path/Frameworks",
				);
				PRODUCT_BUNDLE_IDENTIFIER = "com.salgados.productions.Bank-App$(APP_SUFIX)";
				PRODUCT_MODULE_NAME = Bank_App;
				PRODUCT_NAME = "$(TARGET_NAME)$(APP_SUFIX)";
				SWIFT_VERSION = 4.2;
				TARGETED_DEVICE_FAMILY = "1,2";
			};
			name = Debug;
		};
		B86E3F6121A62B0F00A9B84F /* Release */ = {
			isa = XCBuildConfiguration;
			baseConfigurationReference = 24A69C4A2103C87D6E1BFE44 /* Pods-Bank App.release.xcconfig */;
			buildSettings = {
				ASSETCATALOG_COMPILER_APPICON_NAME = "AppIcon$(APP_SUFIX)";
				CODE_SIGN_STYLE = Automatic;
				DEVELOPMENT_TEAM = HT3YCTX6YE;
				INFOPLIST_FILE = "Bank App/Info.plist";
				IPHONEOS_DEPLOYMENT_TARGET = 10.3;
				LD_RUNPATH_SEARCH_PATHS = (
					"$(inherited)",
					"@executable_path/Frameworks",
				);
				PRODUCT_BUNDLE_IDENTIFIER = "com.salgados.productions.Bank-App$(APP_SUFIX)";
				PRODUCT_MODULE_NAME = Bank_App;
				PRODUCT_NAME = "$(TARGET_NAME)$(APP_SUFIX)";
				SWIFT_VERSION = 4.2;
				TARGETED_DEVICE_FAMILY = "1,2";
			};
			name = Release;
		};
		B879C06821E6B4B700ED1591 /* Debug */ = {
			isa = XCBuildConfiguration;
			buildSettings = {
				BUNDLE_LOADER = "$(TEST_HOST)";
				CODE_SIGN_STYLE = Automatic;
				DEVELOPMENT_TEAM = HT3YCTX6YE;
				GCC_OPTIMIZATION_LEVEL = 0;
				INFOPLIST_FILE = "Bank AppTests/Info.plist";
				IPHONEOS_DEPLOYMENT_TARGET = 10.3;
				LD_RUNPATH_SEARCH_PATHS = (
					"$(inherited)",
					"@executable_path/Frameworks",
					"@loader_path/Frameworks",
				);
				PRODUCT_BUNDLE_IDENTIFIER = "com.salgados.productions.Bank-AppTests";
				PRODUCT_NAME = "$(TARGET_NAME)";
				SWIFT_VERSION = 4.2;
				TARGETED_DEVICE_FAMILY = "1,2";
				TEST_HOST = "$(BUILT_PRODUCTS_DIR)/Bank App.dev.app/Bank App.dev";
			};
			name = Debug;
		};
		B879C06921E6B4B700ED1591 /* Release */ = {
			isa = XCBuildConfiguration;
			buildSettings = {
				BUNDLE_LOADER = "$(TEST_HOST)";
				CODE_SIGN_STYLE = Automatic;
				DEVELOPMENT_TEAM = HT3YCTX6YE;
				INFOPLIST_FILE = "Bank AppTests/Info.plist";
				IPHONEOS_DEPLOYMENT_TARGET = 10.3;
				LD_RUNPATH_SEARCH_PATHS = (
					"$(inherited)",
					"@executable_path/Frameworks",
					"@loader_path/Frameworks",
				);
				PRODUCT_BUNDLE_IDENTIFIER = "com.salgados.productions.Bank-AppTests";
				PRODUCT_NAME = "$(TARGET_NAME)";
				SWIFT_VERSION = 4.2;
				TARGETED_DEVICE_FAMILY = "1,2";
				TEST_HOST = "$(BUILT_PRODUCTS_DIR)/Bank App.dev.app/Bank App.dev";
			};
			name = Release;
		};
/* End XCBuildConfiguration section */

/* Begin XCConfigurationList section */
		B86E3F4521A62B0700A9B84F /* Build configuration list for PBXProject "Bank App" */ = {
			isa = XCConfigurationList;
			buildConfigurations = (
				B86E3F5D21A62B0F00A9B84F /* Debug */,
				B86E3F5E21A62B0F00A9B84F /* Release */,
			);
			defaultConfigurationIsVisible = 0;
			defaultConfigurationName = Release;
		};
		B86E3F5F21A62B0F00A9B84F /* Build configuration list for PBXNativeTarget "Bank App" */ = {
			isa = XCConfigurationList;
			buildConfigurations = (
				B86E3F6021A62B0F00A9B84F /* Debug */,
				B86E3F6121A62B0F00A9B84F /* Release */,
			);
			defaultConfigurationIsVisible = 0;
			defaultConfigurationName = Release;
		};
		B879C06A21E6B4B700ED1591 /* Build configuration list for PBXNativeTarget "Bank AppTests" */ = {
			isa = XCConfigurationList;
			buildConfigurations = (
				B879C06821E6B4B700ED1591 /* Debug */,
				B879C06921E6B4B700ED1591 /* Release */,
			);
			defaultConfigurationIsVisible = 0;
			defaultConfigurationName = Release;
		};
/* End XCConfigurationList section */
	};
	rootObject = B86E3F4221A62B0700A9B84F /* Project object */;
}
